// !$*UTF8*$!
{
	archiveVersion = 1;
	classes = {
	};
	objectVersion = 50;
	objects = {

/* Begin PBXBuildFile section */
		D064D6242572D673009E5DFF /* AppDelegate.swift in Sources */ = {isa = PBXBuildFile; fileRef = D064D6232572D673009E5DFF /* AppDelegate.swift */; };
		D064D6262572D673009E5DFF /* SceneDelegate.swift in Sources */ = {isa = PBXBuildFile; fileRef = D064D6252572D673009E5DFF /* SceneDelegate.swift */; };
		D064D6282572D673009E5DFF /* ViewController.swift in Sources */ = {isa = PBXBuildFile; fileRef = D064D6272572D673009E5DFF /* ViewController.swift */; };
		D064D62B2572D673009E5DFF /* Main.storyboard in Resources */ = {isa = PBXBuildFile; fileRef = D064D6292572D673009E5DFF /* Main.storyboard */; };
		D064D62E2572D673009E5DFF /* PokeAPIDemo.xcdatamodeld in Sources */ = {isa = PBXBuildFile; fileRef = D064D62C2572D673009E5DFF /* PokeAPIDemo.xcdatamodeld */; };
		D064D6302572D674009E5DFF /* Assets.xcassets in Resources */ = {isa = PBXBuildFile; fileRef = D064D62F2572D674009E5DFF /* Assets.xcassets */; };
		D064D6332572D674009E5DFF /* LaunchScreen.storyboard in Resources */ = {isa = PBXBuildFile; fileRef = D064D6312572D674009E5DFF /* LaunchScreen.storyboard */; };
		D064D63C25736480009E5DFF /* NetworkManager.swift in Sources */ = {isa = PBXBuildFile; fileRef = D064D63B25736480009E5DFF /* NetworkManager.swift */; };
		D064D6412573655C009E5DFF /* Pokemon.swift in Sources */ = {isa = PBXBuildFile; fileRef = D064D6402573655C009E5DFF /* Pokemon.swift */; };
		D064D646257365AE009E5DFF /* SinglePokemon.swift in Sources */ = {isa = PBXBuildFile; fileRef = D064D645257365AE009E5DFF /* SinglePokemon.swift */; };
		D064D64B25736646009E5DFF /* IndividualPokemon.swift in Sources */ = {isa = PBXBuildFile; fileRef = D064D64A25736646009E5DFF /* IndividualPokemon.swift */; };
		D064D65325736913009E5DFF /* ProtocolNetworkManager.swift in Sources */ = {isa = PBXBuildFile; fileRef = D064D65225736913009E5DFF /* ProtocolNetworkManager.swift */; };
		D064D65925736DE6009E5DFF /* ProtocolViewController.swift in Sources */ = {isa = PBXBuildFile; fileRef = D064D65825736DE6009E5DFF /* ProtocolViewController.swift */; };
		D0A0ED3425746CE2009955D0 /* ClosureTableViewCell.swift in Sources */ = {isa = PBXBuildFile; fileRef = D0A0ED3325746CE2009955D0 /* ClosureTableViewCell.swift */; };
		D0A0ED3725747630009955D0 /* ClosureDetailViewController.swift in Sources */ = {isa = PBXBuildFile; fileRef = D0A0ED3625747630009955D0 /* ClosureDetailViewController.swift */; };
		D0A0ED3A25747DF8009955D0 /* ProtocolTableViewCell.swift in Sources */ = {isa = PBXBuildFile; fileRef = D0A0ED3925747DF8009955D0 /* ProtocolTableViewCell.swift */; };
		D0A0ED3D25747F44009955D0 /* ProtocolDetailViewController.swift in Sources */ = {isa = PBXBuildFile; fileRef = D0A0ED3C25747F44009955D0 /* ProtocolDetailViewController.swift */; };
/* End PBXBuildFile section */

/* Begin PBXFileReference section */
		D064D6202572D673009E5DFF /* PokeAPIDemo.app */ = {isa = PBXFileReference; explicitFileType = wrapper.application; includeInIndex = 0; path = PokeAPIDemo.app; sourceTree = BUILT_PRODUCTS_DIR; };
		D064D6232572D673009E5DFF /* AppDelegate.swift */ = {isa = PBXFileReference; lastKnownFileType = sourcecode.swift; path = AppDelegate.swift; sourceTree = "<group>"; };
		D064D6252572D673009E5DFF /* SceneDelegate.swift */ = {isa = PBXFileReference; lastKnownFileType = sourcecode.swift; path = SceneDelegate.swift; sourceTree = "<group>"; };
		D064D6272572D673009E5DFF /* ViewController.swift */ = {isa = PBXFileReference; lastKnownFileType = sourcecode.swift; path = ViewController.swift; sourceTree = "<group>"; };
		D064D62A2572D673009E5DFF /* Base */ = {isa = PBXFileReference; lastKnownFileType = file.storyboard; name = Base; path = Base.lproj/Main.storyboard; sourceTree = "<group>"; };
		D064D62D2572D673009E5DFF /* PokeAPIDemo.xcdatamodel */ = {isa = PBXFileReference; lastKnownFileType = wrapper.xcdatamodel; path = PokeAPIDemo.xcdatamodel; sourceTree = "<group>"; };
		D064D62F2572D674009E5DFF /* Assets.xcassets */ = {isa = PBXFileReference; lastKnownFileType = folder.assetcatalog; path = Assets.xcassets; sourceTree = "<group>"; };
		D064D6322572D674009E5DFF /* Base */ = {isa = PBXFileReference; lastKnownFileType = file.storyboard; name = Base; path = Base.lproj/LaunchScreen.storyboard; sourceTree = "<group>"; };
		D064D6342572D674009E5DFF /* Info.plist */ = {isa = PBXFileReference; lastKnownFileType = text.plist.xml; path = Info.plist; sourceTree = "<group>"; };
		D064D63B25736480009E5DFF /* NetworkManager.swift */ = {isa = PBXFileReference; lastKnownFileType = sourcecode.swift; path = NetworkManager.swift; sourceTree = "<group>"; };
		D064D6402573655C009E5DFF /* Pokemon.swift */ = {isa = PBXFileReference; lastKnownFileType = sourcecode.swift; path = Pokemon.swift; sourceTree = "<group>"; };
		D064D645257365AE009E5DFF /* SinglePokemon.swift */ = {isa = PBXFileReference; lastKnownFileType = sourcecode.swift; path = SinglePokemon.swift; sourceTree = "<group>"; };
		D064D64A25736646009E5DFF /* IndividualPokemon.swift */ = {isa = PBXFileReference; lastKnownFileType = sourcecode.swift; path = IndividualPokemon.swift; sourceTree = "<group>"; };
		D064D65225736913009E5DFF /* ProtocolNetworkManager.swift */ = {isa = PBXFileReference; lastKnownFileType = sourcecode.swift; path = ProtocolNetworkManager.swift; sourceTree = "<group>"; };
		D064D65825736DE6009E5DFF /* ProtocolViewController.swift */ = {isa = PBXFileReference; lastKnownFileType = sourcecode.swift; path = ProtocolViewController.swift; sourceTree = "<group>"; };
		D0A0ED3325746CE2009955D0 /* ClosureTableViewCell.swift */ = {isa = PBXFileReference; lastKnownFileType = sourcecode.swift; path = ClosureTableViewCell.swift; sourceTree = "<group>"; };
		D0A0ED3625747630009955D0 /* ClosureDetailViewController.swift */ = {isa = PBXFileReference; lastKnownFileType = sourcecode.swift; path = ClosureDetailViewController.swift; sourceTree = "<group>"; };
		D0A0ED3925747DF8009955D0 /* ProtocolTableViewCell.swift */ = {isa = PBXFileReference; lastKnownFileType = sourcecode.swift; path = ProtocolTableViewCell.swift; sourceTree = "<group>"; };
		D0A0ED3C25747F44009955D0 /* ProtocolDetailViewController.swift */ = {isa = PBXFileReference; lastKnownFileType = sourcecode.swift; path = ProtocolDetailViewController.swift; sourceTree = "<group>"; };
/* End PBXFileReference section */

/* Begin PBXFrameworksBuildPhase section */
		D064D61D2572D673009E5DFF /* Frameworks */ = {
			isa = PBXFrameworksBuildPhase;
			buildActionMask = 2147483647;
			files = (
			);
			runOnlyForDeploymentPostprocessing = 0;
		};
/* End PBXFrameworksBuildPhase section */

/* Begin PBXGroup section */
		D064D6172572D673009E5DFF = {
			isa = PBXGroup;
			children = (
				D064D6222572D673009E5DFF /* PokeAPIDemo */,
				D064D6212572D673009E5DFF /* Products */,
			);
			sourceTree = "<group>";
		};
		D064D6212572D673009E5DFF /* Products */ = {
			isa = PBXGroup;
			children = (
				D064D6202572D673009E5DFF /* PokeAPIDemo.app */,
			);
			name = Products;
			sourceTree = "<group>";
		};
		D064D6222572D673009E5DFF /* PokeAPIDemo */ = {
			isa = PBXGroup;
			children = (
				D064D656257369F2009E5DFF /* View Controllers */,
				D064D655257369D8009E5DFF /* Network */,
				D064D63F25736553009E5DFF /* Model */,
				D064D63E2573648E009E5DFF /* Views */,
				D064D6232572D673009E5DFF /* AppDelegate.swift */,
				D064D6252572D673009E5DFF /* SceneDelegate.swift */,
				D064D62F2572D674009E5DFF /* Assets.xcassets */,
				D064D6342572D674009E5DFF /* Info.plist */,
				D064D62C2572D673009E5DFF /* PokeAPIDemo.xcdatamodeld */,
			);
			path = PokeAPIDemo;
			sourceTree = "<group>";
		};
		D064D63E2573648E009E5DFF /* Views */ = {
			isa = PBXGroup;
			children = (
				D064D6292572D673009E5DFF /* Main.storyboard */,
				D064D6312572D674009E5DFF /* LaunchScreen.storyboard */,
				D0A0ED3325746CE2009955D0 /* ClosureTableViewCell.swift */,
				D0A0ED3925747DF8009955D0 /* ProtocolTableViewCell.swift */,
			);
			path = Views;
			sourceTree = "<group>";
		};
		D064D63F25736553009E5DFF /* Model */ = {
			isa = PBXGroup;
			children = (
				D064D648257365CD009E5DFF /* Primary */,
				D064D649257365E0009E5DFF /* Detail */,
			);
			path = Model;
			sourceTree = "<group>";
		};
		D064D648257365CD009E5DFF /* Primary */ = {
			isa = PBXGroup;
			children = (
				D064D6402573655C009E5DFF /* Pokemon.swift */,
				D064D645257365AE009E5DFF /* SinglePokemon.swift */,
			);
			path = Primary;
			sourceTree = "<group>";
		};
		D064D649257365E0009E5DFF /* Detail */ = {
			isa = PBXGroup;
			children = (
				D064D64A25736646009E5DFF /* IndividualPokemon.swift */,
			);
			path = Detail;
			sourceTree = "<group>";
		};
		D064D655257369D8009E5DFF /* Network */ = {
			isa = PBXGroup;
			children = (
				D064D63B25736480009E5DFF /* NetworkManager.swift */,
				D064D65225736913009E5DFF /* ProtocolNetworkManager.swift */,
			);
			path = Network;
			sourceTree = "<group>";
		};
		D064D656257369F2009E5DFF /* View Controllers */ = {
			isa = PBXGroup;
			children = (
				D064D6272572D673009E5DFF /* ViewController.swift */,
				D064D65825736DE6009E5DFF /* ProtocolViewController.swift */,
				D0A0ED3625747630009955D0 /* ClosureDetailViewController.swift */,
				D0A0ED3C25747F44009955D0 /* ProtocolDetailViewController.swift */,
			);
			path = "View Controllers";
			sourceTree = "<group>";
		};
/* End PBXGroup section */

/* Begin PBXNativeTarget section */
		D064D61F2572D673009E5DFF /* PokeAPIDemo */ = {
			isa = PBXNativeTarget;
			buildConfigurationList = D064D6372572D674009E5DFF /* Build configuration list for PBXNativeTarget "PokeAPIDemo" */;
			buildPhases = (
				D064D61C2572D673009E5DFF /* Sources */,
				D064D61D2572D673009E5DFF /* Frameworks */,
				D064D61E2572D673009E5DFF /* Resources */,
			);
			buildRules = (
			);
			dependencies = (
			);
			name = PokeAPIDemo;
			productName = PokeAPIDemo;
			productReference = D064D6202572D673009E5DFF /* PokeAPIDemo.app */;
			productType = "com.apple.product-type.application";
		};
/* End PBXNativeTarget section */

/* Begin PBXProject section */
		D064D6182572D673009E5DFF /* Project object */ = {
			isa = PBXProject;
			attributes = {
				LastSwiftUpdateCheck = 1220;
				LastUpgradeCheck = 1220;
				TargetAttributes = {
					D064D61F2572D673009E5DFF = {
						CreatedOnToolsVersion = 12.2;
					};
				};
			};
			buildConfigurationList = D064D61B2572D673009E5DFF /* Build configuration list for PBXProject "PokeAPIDemo" */;
			compatibilityVersion = "Xcode 9.3";
			developmentRegion = en;
			hasScannedForEncodings = 0;
			knownRegions = (
				en,
				Base,
			);
			mainGroup = D064D6172572D673009E5DFF;
			productRefGroup = D064D6212572D673009E5DFF /* Products */;
			projectDirPath = "";
			projectRoot = "";
			targets = (
				D064D61F2572D673009E5DFF /* PokeAPIDemo */,
			);
		};
/* End PBXProject section */

/* Begin PBXResourcesBuildPhase section */
		D064D61E2572D673009E5DFF /* Resources */ = {
			isa = PBXResourcesBuildPhase;
			buildActionMask = 2147483647;
			files = (
				D064D6332572D674009E5DFF /* LaunchScreen.storyboard in Resources */,
				D064D6302572D674009E5DFF /* Assets.xcassets in Resources */,
				D064D62B2572D673009E5DFF /* Main.storyboard in Resources */,
			);
			runOnlyForDeploymentPostprocessing = 0;
		};
/* End PBXResourcesBuildPhase section */

/* Begin PBXSourcesBuildPhase section */
		D064D61C2572D673009E5DFF /* Sources */ = {
			isa = PBXSourcesBuildPhase;
			buildActionMask = 2147483647;
			files = (
				D064D6282572D673009E5DFF /* ViewController.swift in Sources */,
				D0A0ED3725747630009955D0 /* ClosureDetailViewController.swift in Sources */,
				D064D6412573655C009E5DFF /* Pokemon.swift in Sources */,
				D0A0ED3A25747DF8009955D0 /* ProtocolTableViewCell.swift in Sources */,
				D064D6242572D673009E5DFF /* AppDelegate.swift in Sources */,
				D0A0ED3D25747F44009955D0 /* ProtocolDetailViewController.swift in Sources */,
				D064D65325736913009E5DFF /* ProtocolNetworkManager.swift in Sources */,
				D064D63C25736480009E5DFF /* NetworkManager.swift in Sources */,
				D064D64B25736646009E5DFF /* IndividualPokemon.swift in Sources */,
				D0A0ED3425746CE2009955D0 /* ClosureTableViewCell.swift in Sources */,
				D064D65925736DE6009E5DFF /* ProtocolViewController.swift in Sources */,
				D064D646257365AE009E5DFF /* SinglePokemon.swift in Sources */,
				D064D62E2572D673009E5DFF /* PokeAPIDemo.xcdatamodeld in Sources */,
				D064D6262572D673009E5DFF /* SceneDelegate.swift in Sources */,
			);
			runOnlyForDeploymentPostprocessing = 0;
		};
/* End PBXSourcesBuildPhase section */

/* Begin PBXVariantGroup section */
		D064D6292572D673009E5DFF /* Main.storyboard */ = {
			isa = PBXVariantGroup;
			children = (
				D064D62A2572D673009E5DFF /* Base */,
			);
			name = Main.storyboard;
			sourceTree = "<group>";
		};
		D064D6312572D674009E5DFF /* LaunchScreen.storyboard */ = {
			isa = PBXVariantGroup;
			children = (
				D064D6322572D674009E5DFF /* Base */,
			);
			name = LaunchScreen.storyboard;
			sourceTree = "<group>";
		};
/* End PBXVariantGroup section */

/* Begin XCBuildConfiguration section */
		D064D6352572D674009E5DFF /* Debug */ = {
			isa = XCBuildConfiguration;
			buildSettings = {
				ALWAYS_SEARCH_USER_PATHS = NO;
				CLANG_ANALYZER_NONNULL = YES;
				CLANG_ANALYZER_NUMBER_OBJECT_CONVERSION = YES_AGGRESSIVE;
				CLANG_CXX_LANGUAGE_STANDARD = "gnu++14";
				CLANG_CXX_LIBRARY = "libc++";
				CLANG_ENABLE_MODULES = YES;
				CLANG_ENABLE_OBJC_ARC = YES;
				CLANG_ENABLE_OBJC_WEAK = YES;
				CLANG_WARN_BLOCK_CAPTURE_AUTORELEASING = YES;
				CLANG_WARN_BOOL_CONVERSION = YES;
				CLANG_WARN_COMMA = YES;
				CLANG_WARN_CONSTANT_CONVERSION = YES;
				CLANG_WARN_DEPRECATED_OBJC_IMPLEMENTATIONS = YES;
				CLANG_WARN_DIRECT_OBJC_ISA_USAGE = YES_ERROR;
				CLANG_WARN_DOCUMENTATION_COMMENTS = YES;
				CLANG_WARN_EMPTY_BODY = YES;
				CLANG_WARN_ENUM_CONVERSION = YES;
				CLANG_WARN_INFINITE_RECURSION = YES;
				CLANG_WARN_INT_CONVERSION = YES;
				CLANG_WARN_NON_LITERAL_NULL_CONVERSION = YES;
				CLANG_WARN_OBJC_IMPLICIT_RETAIN_SELF = YES;
				CLANG_WARN_OBJC_LITERAL_CONVERSION = YES;
				CLANG_WARN_OBJC_ROOT_CLASS = YES_ERROR;
				CLANG_WARN_QUOTED_INCLUDE_IN_FRAMEWORK_HEADER = YES;
				CLANG_WARN_RANGE_LOOP_ANALYSIS = YES;
				CLANG_WARN_STRICT_PROTOTYPES = YES;
				CLANG_WARN_SUSPICIOUS_MOVE = YES;
				CLANG_WARN_UNGUARDED_AVAILABILITY = YES_AGGRESSIVE;
				CLANG_WARN_UNREACHABLE_CODE = YES;
				CLANG_WARN__DUPLICATE_METHOD_MATCH = YES;
				COPY_PHASE_STRIP = NO;
				DEBUG_INFORMATION_FORMAT = dwarf;
				ENABLE_STRICT_OBJC_MSGSEND = YES;
				ENABLE_TESTABILITY = YES;
				GCC_C_LANGUAGE_STANDARD = gnu11;
				GCC_DYNAMIC_NO_PIC = NO;
				GCC_NO_COMMON_BLOCKS = YES;
				GCC_OPTIMIZATION_LEVEL = 0;
				GCC_PREPROCESSOR_DEFINITIONS = (
					"DEBUG=1",
					"$(inherited)",
				);
				GCC_WARN_64_TO_32_BIT_CONVERSION = YES;
				GCC_WARN_ABOUT_RETURN_TYPE = YES_ERROR;
				GCC_WARN_UNDECLARED_SELECTOR = YES;
				GCC_WARN_UNINITIALIZED_AUTOS = YES_AGGRESSIVE;
				GCC_WARN_UNUSED_FUNCTION = YES;
				GCC_WARN_UNUSED_VARIABLE = YES;
				IPHONEOS_DEPLOYMENT_TARGET = 14.2;
				MTL_ENABLE_DEBUG_INFO = INCLUDE_SOURCE;
				MTL_FAST_MATH = YES;
				ONLY_ACTIVE_ARCH = YES;
				SDKROOT = iphoneos;
				SWIFT_ACTIVE_COMPILATION_CONDITIONS = DEBUG;
				SWIFT_OPTIMIZATION_LEVEL = "-Onone";
			};
			name = Debug;
		};
		D064D6362572D674009E5DFF /* Release */ = {
			isa = XCBuildConfiguration;
			buildSettings = {
				ALWAYS_SEARCH_USER_PATHS = NO;
				CLANG_ANALYZER_NONNULL = YES;
				CLANG_ANALYZER_NUMBER_OBJECT_CONVERSION = YES_AGGRESSIVE;
				CLANG_CXX_LANGUAGE_STANDARD = "gnu++14";
				CLANG_CXX_LIBRARY = "libc++";
				CLANG_ENABLE_MODULES = YES;
				CLANG_ENABLE_OBJC_ARC = YES;
				CLANG_ENABLE_OBJC_WEAK = YES;
				CLANG_WARN_BLOCK_CAPTURE_AUTORELEASING = YES;
				CLANG_WARN_BOOL_CONVERSION = YES;
				CLANG_WARN_COMMA = YES;
				CLANG_WARN_CONSTANT_CONVERSION = YES;
				CLANG_WARN_DEPRECATED_OBJC_IMPLEMENTATIONS = YES;
				CLANG_WARN_DIRECT_OBJC_ISA_USAGE = YES_ERROR;
				CLANG_WARN_DOCUMENTATION_COMMENTS = YES;
				CLANG_WARN_EMPTY_BODY = YES;
				CLANG_WARN_ENUM_CONVERSION = YES;
				CLANG_WARN_INFINITE_RECURSION = YES;
				CLANG_WARN_INT_CONVERSION = YES;
				CLANG_WARN_NON_LITERAL_NULL_CONVERSION = YES;
				CLANG_WARN_OBJC_IMPLICIT_RETAIN_SELF = YES;
				CLANG_WARN_OBJC_LITERAL_CONVERSION = YES;
				CLANG_WARN_OBJC_ROOT_CLASS = YES_ERROR;
				CLANG_WARN_QUOTED_INCLUDE_IN_FRAMEWORK_HEADER = YES;
				CLANG_WARN_RANGE_LOOP_ANALYSIS = YES;
				CLANG_WARN_STRICT_PROTOTYPES = YES;
				CLANG_WARN_SUSPICIOUS_MOVE = YES;
				CLANG_WARN_UNGUARDED_AVAILABILITY = YES_AGGRESSIVE;
				CLANG_WARN_UNREACHABLE_CODE = YES;
				CLANG_WARN__DUPLICATE_METHOD_MATCH = YES;
				COPY_PHASE_STRIP = NO;
				DEBUG_INFORMATION_FORMAT = "dwarf-with-dsym";
				ENABLE_NS_ASSERTIONS = NO;
				ENABLE_STRICT_OBJC_MSGSEND = YES;
				GCC_C_LANGUAGE_STANDARD = gnu11;
				GCC_NO_COMMON_BLOCKS = YES;
				GCC_WARN_64_TO_32_BIT_CONVERSION = YES;
				GCC_WARN_ABOUT_RETURN_TYPE = YES_ERROR;
				GCC_WARN_UNDECLARED_SELECTOR = YES;
				GCC_WARN_UNINITIALIZED_AUTOS = YES_AGGRESSIVE;
				GCC_WARN_UNUSED_FUNCTION = YES;
				GCC_WARN_UNUSED_VARIABLE = YES;
				IPHONEOS_DEPLOYMENT_TARGET = 14.2;
				MTL_ENABLE_DEBUG_INFO = NO;
				MTL_FAST_MATH = YES;
				SDKROOT = iphoneos;
				SWIFT_COMPILATION_MODE = wholemodule;
				SWIFT_OPTIMIZATION_LEVEL = "-O";
				VALIDATE_PRODUCT = YES;
			};
			name = Release;
		};
		D064D6382572D674009E5DFF /* Debug */ = {
			isa = XCBuildConfiguration;
			buildSettings = {
				ASSETCATALOG_COMPILER_APPICON_NAME = AppIcon;
				ASSETCATALOG_COMPILER_GLOBAL_ACCENT_COLOR_NAME = AccentColor;
				CODE_SIGN_STYLE = Automatic;
				DEVELOPMENT_TEAM = 64783LG3JR;
				INFOPLIST_FILE = PokeAPIDemo/Info.plist;
				LD_RUNPATH_SEARCH_PATHS = (
					"$(inherited)",
					"@executable_path/Frameworks",
				);
				PRODUCT_BUNDLE_IDENTIFIER = com.jjustind.PokeAPIDemo;
				PRODUCT_NAME = "$(TARGET_NAME)";
				SWIFT_VERSION = 5.0;
				TARGETED_DEVICE_FAMILY = "1,2";
			};
			name = Debug;
		};
		D064D6392572D674009E5DFF /* Release */ = {
			isa = XCBuildConfiguration;
			buildSettings = {
				ASSETCATALOG_COMPILER_APPICON_NAME = AppIcon;
				ASSETCATALOG_COMPILER_GLOBAL_ACCENT_COLOR_NAME = AccentColor;
				CODE_SIGN_STYLE = Automatic;
				DEVELOPMENT_TEAM = 64783LG3JR;
				INFOPLIST_FILE = PokeAPIDemo/Info.plist;
				LD_RUNPATH_SEARCH_PATHS = (
					"$(inherited)",
					"@executable_path/Frameworks",
				);
				PRODUCT_BUNDLE_IDENTIFIER = com.jjustind.PokeAPIDemo;
				PRODUCT_NAME = "$(TARGET_NAME)";
				SWIFT_VERSION = 5.0;
				TARGETED_DEVICE_FAMILY = "1,2";
			};
			name = Release;
		};
/* End XCBuildConfiguration section */

/* Begin XCConfigurationList section */
		D064D61B2572D673009E5DFF /* Build configuration list for PBXProject "PokeAPIDemo" */ = {
			isa = XCConfigurationList;
			buildConfigurations = (
				D064D6352572D674009E5DFF /* Debug */,
				D064D6362572D674009E5DFF /* Release */,
			);
			defaultConfigurationIsVisible = 0;
			defaultConfigurationName = Release;
		};
		D064D6372572D674009E5DFF /* Build configuration list for PBXNativeTarget "PokeAPIDemo" */ = {
			isa = XCConfigurationList;
			buildConfigurations = (
				D064D6382572D674009E5DFF /* Debug */,
				D064D6392572D674009E5DFF /* Release */,
			);
			defaultConfigurationIsVisible = 0;
			defaultConfigurationName = Release;
		};
/* End XCConfigurationList section */

/* Begin XCVersionGroup section */
		D064D62C2572D673009E5DFF /* PokeAPIDemo.xcdatamodeld */ = {
			isa = XCVersionGroup;
			children = (
				D064D62D2572D673009E5DFF /* PokeAPIDemo.xcdatamodel */,
			);
			currentVersion = D064D62D2572D673009E5DFF /* PokeAPIDemo.xcdatamodel */;
			path = PokeAPIDemo.xcdatamodeld;
			sourceTree = "<group>";
			versionGroupType = wrapper.xcdatamodel;
		};
/* End XCVersionGroup section */
	};
	rootObject = D064D6182572D673009E5DFF /* Project object */;
}
